<?xml version="1.0" encoding="utf-8"?>
<Project ToolsVersion="4.0" xmlns="http://schemas.microsoft.com/developer/msbuild/2003">
  <ItemGroup>
    <ClInclude Include="types.h" />
    <ClInclude Include="byteswap.h" />
    <ClInclude Include="error.h" />
    <ClInclude Include="parsarg.h" />
  </ItemGroup>
  <ItemGroup>
    <ClCompile Include="parsarg.c" />
    <ClCompile Include="byteswap.c" />
    <ClCompile Include="error.c" />
  </ItemGroup>
</Project>