<?xml version="1.0" encoding="utf-8"?>
<Project ToolsVersion="4.0" xmlns="http://schemas.microsoft.com/developer/msbuild/2003">
  <ItemGroup>
    <ClInclude Include="globvars.h" />
    <ClInclude Include="3d.h" />
    <ClInclude Include="clipper.h" />
  </ItemGroup>
  <ItemGroup>
    <ClCompile Include="setup.c" />
    <ClCompile Include="draw.c" />
    <ClCompile Include="globvars.c" />
    <ClCompile Include="horizon.c" />
    <ClCompile Include="instance.c" />
    <ClCompile Include="interp.c" />
    <ClCompile Include="matrix.c" />
    <ClCompile Include="points.c" />
    <ClCompile Include="rod.c" />
    <ClCompile Include="clipper.c" />
  </ItemGroup>
</Project>