
Microsoft Visual Studio Solution File, Format Version 12.00
# Visual Studio Version 16
VisualStudioVersion = 16.0.29123.88
MinimumVisualStudioVersion = 10.0.40219.1
Project("{8BC9CEB8-8B4A-11D0-8D11-00A0C91BC942}") = "Main", "Main\Main.vcxproj", "{636DC2E7-7F48-498F-91F5-E4DD3134FE75}"
	ProjectSection(ProjectDependencies) = postProject
		{68085112-1A2B-4066-9E90-31C4E91C120D} = {68085112-1A2B-4066-9E90-31C4E91C120D}
		{12019216-8593-44AA-8729-DFBC45716A7A} = {12019216-8593-44AA-8729-DFBC45716A7A}
		{11ACDD48-5510-402C-AFB6-37F0CDDA5A6D} = {11ACDD48-5510-402C-AFB6-37F0CDDA5A6D}
		{6566C04B-84B8-4AE6-97C2-79634CEDB0B5} = {6566C04B-84B8-4AE6-97C2-79634CEDB0B5}
		{21CA6F4C-1C3D-40EB-991E-DF8B17CE115A} = {21CA6F4C-1C3D-40EB-991E-DF8B17CE115A}
		{F02B4C50-614F-4EC9-9E4A-B5D9B66E9E9E} = {F02B4C50-614F-4EC9-9E4A-B5D9B66E9E9E}
		{91293A66-171F-462C-8236-D20E4E6A1E58} = {91293A66-171F-462C-8236-D20E4E6A1E58}
		{EF0D0A77-F077-4A12-B380-5D1CD368C9F6} = {EF0D0A77-F077-4A12-B380-5D1CD368C9F6}
		{F6315578-7E1C-4E03-BAB0-7AA805D917AD} = {F6315578-7E1C-4E03-BAB0-7AA805D917AD}
		{F7F552BA-A2BE-414F-84DC-8AC7A7F8EA0C} = {F7F552BA-A2BE-414F-84DC-8AC7A7F8EA0C}
		{7727D8E9-5175-48F4-B4A2-13B7ED031152} = {7727D8E9-5175-48F4-B4A2-13B7ED031152}
	EndProjectSection
EndProject
Project("{8BC9CEB8-8B4A-11D0-8D11-00A0C91BC942}") = "cfile", "cfile\cfile.vcxproj", "{7727D8E9-5175-48F4-B4A2-13B7ED031152}"
	ProjectSection(ProjectDependencies) = postProject
		{68085112-1A2B-4066-9E90-31C4E91C120D} = {68085112-1A2B-4066-9E90-31C4E91C120D}
		{12019216-8593-44AA-8729-DFBC45716A7A} = {12019216-8593-44AA-8729-DFBC45716A7A}
		{F7F552BA-A2BE-414F-84DC-8AC7A7F8EA0C} = {F7F552BA-A2BE-414F-84DC-8AC7A7F8EA0C}
	EndProjectSection
EndProject
Project("{8BC9CEB8-8B4A-11D0-8D11-00A0C91BC942}") = "misc", "misc\misc.vcxproj", "{F7F552BA-A2BE-414F-84DC-8AC7A7F8EA0C}"
EndProject
Project("{8BC9CEB8-8B4A-11D0-8D11-00A0C91BC942}") = "mem", "mem\mem.vcxproj", "{68085112-1A2B-4066-9E90-31C4E91C120D}"
	ProjectSection(ProjectDependencies) = postProject
		{12019216-8593-44AA-8729-DFBC45716A7A} = {12019216-8593-44AA-8729-DFBC45716A7A}
		{F7F552BA-A2BE-414F-84DC-8AC7A7F8EA0C} = {F7F552BA-A2BE-414F-84DC-8AC7A7F8EA0C}
	EndProjectSection
EndProject
Project("{8BC9CEB8-8B4A-11D0-8D11-00A0C91BC942}") = "bios", "bios\bios.vcxproj", "{12019216-8593-44AA-8729-DFBC45716A7A}"
	ProjectSection(ProjectDependencies) = postProject
		{F02B4C50-614F-4EC9-9E4A-B5D9B66E9E9E} = {F02B4C50-614F-4EC9-9E4A-B5D9B66E9E9E}
	EndProjectSection
EndProject
Project("{8BC9CEB8-8B4A-11D0-8D11-00A0C91BC942}") = "fix", "fix\fix.vcxproj", "{21CA6F4C-1C3D-40EB-991E-DF8B17CE115A}"
	ProjectSection(ProjectDependencies) = postProject
		{F7F552BA-A2BE-414F-84DC-8AC7A7F8EA0C} = {F7F552BA-A2BE-414F-84DC-8AC7A7F8EA0C}
	EndProjectSection
EndProject
Project("{8BC9CEB8-8B4A-11D0-8D11-00A0C91BC942}") = "cfiletest", "cfiletest\cfiletest.vcxproj", "{3518F816-972E-42CF-A011-CBB6C7D3F5AE}"
	ProjectSection(ProjectDependencies) = postProject
		{7727D8E9-5175-48F4-B4A2-13B7ED031152} = {7727D8E9-5175-48F4-B4A2-13B7ED031152}
	EndProjectSection
EndProject
Project("{8BC9CEB8-8B4A-11D0-8D11-00A0C91BC942}") = "vecmat", "vecmat\vecmat.vcxproj", "{F6315578-7E1C-4E03-BAB0-7AA805D917AD}"
	ProjectSection(ProjectDependencies) = postProject
		{21CA6F4C-1C3D-40EB-991E-DF8B17CE115A} = {21CA6F4C-1C3D-40EB-991E-DF8B17CE115A}
		{F7F552BA-A2BE-414F-84DC-8AC7A7F8EA0C} = {F7F552BA-A2BE-414F-84DC-8AC7A7F8EA0C}
	EndProjectSection
EndProject
Project("{8BC9CEB8-8B4A-11D0-8D11-00A0C91BC942}") = "2d", "2d\2d.vcxproj", "{F02B4C50-614F-4EC9-9E4A-B5D9B66E9E9E}"
EndProject
Project("{8BC9CEB8-8B4A-11D0-8D11-00A0C91BC942}") = "gr_test", "gr_test\gr_test.vcxproj", "{318A3DFC-800E-4256-8CFE-9336EA211E05}"
	ProjectSection(ProjectDependencies) = postProject
		{68085112-1A2B-4066-9E90-31C4E91C120D} = {68085112-1A2B-4066-9E90-31C4E91C120D}
		{12019216-8593-44AA-8729-DFBC45716A7A} = {12019216-8593-44AA-8729-DFBC45716A7A}
		{21CA6F4C-1C3D-40EB-991E-DF8B17CE115A} = {21CA6F4C-1C3D-40EB-991E-DF8B17CE115A}
		{F02B4C50-614F-4EC9-9E4A-B5D9B66E9E9E} = {F02B4C50-614F-4EC9-9E4A-B5D9B66E9E9E}
		{F7F552BA-A2BE-414F-84DC-8AC7A7F8EA0C} = {F7F552BA-A2BE-414F-84DC-8AC7A7F8EA0C}
		{7727D8E9-5175-48F4-B4A2-13B7ED031152} = {7727D8E9-5175-48F4-B4A2-13B7ED031152}
	EndProjectSection
EndProject
Project("{8BC9CEB8-8B4A-11D0-8D11-00A0C91BC942}") = "3d", "3d\3d.vcxproj", "{11ACDD48-5510-402C-AFB6-37F0CDDA5A6D}"
EndProject
Project("{8BC9CEB8-8B4A-11D0-8D11-00A0C91BC942}") = "texmap", "texmap\texmap.vcxproj", "{EF0D0A77-F077-4A12-B380-5D1CD368C9F6}"
	ProjectSection(ProjectDependencies) = postProject
		{68085112-1A2B-4066-9E90-31C4E91C120D} = {68085112-1A2B-4066-9E90-31C4E91C120D}
		{12019216-8593-44AA-8729-DFBC45716A7A} = {12019216-8593-44AA-8729-DFBC45716A7A}
		{11ACDD48-5510-402C-AFB6-37F0CDDA5A6D} = {11ACDD48-5510-402C-AFB6-37F0CDDA5A6D}
		{21CA6F4C-1C3D-40EB-991E-DF8B17CE115A} = {21CA6F4C-1C3D-40EB-991E-DF8B17CE115A}
		{F02B4C50-614F-4EC9-9E4A-B5D9B66E9E9E} = {F02B4C50-614F-4EC9-9E4A-B5D9B66E9E9E}
		{F6315578-7E1C-4E03-BAB0-7AA805D917AD} = {F6315578-7E1C-4E03-BAB0-7AA805D917AD}
		{F7F552BA-A2BE-414F-84DC-8AC7A7F8EA0C} = {F7F552BA-A2BE-414F-84DC-8AC7A7F8EA0C}
	EndProjectSection
EndProject
Project("{8BC9CEB8-8B4A-11D0-8D11-00A0C91BC942}") = "ui", "ui\ui.vcxproj", "{91293A66-171F-462C-8236-D20E4E6A1E58}"
	ProjectSection(ProjectDependencies) = postProject
		{68085112-1A2B-4066-9E90-31C4E91C120D} = {68085112-1A2B-4066-9E90-31C4E91C120D}
		{12019216-8593-44AA-8729-DFBC45716A7A} = {12019216-8593-44AA-8729-DFBC45716A7A}
		{21CA6F4C-1C3D-40EB-991E-DF8B17CE115A} = {21CA6F4C-1C3D-40EB-991E-DF8B17CE115A}
		{F02B4C50-614F-4EC9-9E4A-B5D9B66E9E9E} = {F02B4C50-614F-4EC9-9E4A-B5D9B66E9E9E}
		{F7F552BA-A2BE-414F-84DC-8AC7A7F8EA0C} = {F7F552BA-A2BE-414F-84DC-8AC7A7F8EA0C}
		{7727D8E9-5175-48F4-B4A2-13B7ED031152} = {7727D8E9-5175-48F4-B4A2-13B7ED031152}
	EndProjectSection
EndProject
Project("{8BC9CEB8-8B4A-11D0-8D11-00A0C91BC942}") = "iff", "iff\iff.vcxproj", "{6566C04B-84B8-4AE6-97C2-79634CEDB0B5}"
	ProjectSection(ProjectDependencies) = postProject
		{68085112-1A2B-4066-9E90-31C4E91C120D} = {68085112-1A2B-4066-9E90-31C4E91C120D}
		{21CA6F4C-1C3D-40EB-991E-DF8B17CE115A} = {21CA6F4C-1C3D-40EB-991E-DF8B17CE115A}
		{F02B4C50-614F-4EC9-9E4A-B5D9B66E9E9E} = {F02B4C50-614F-4EC9-9E4A-B5D9B66E9E9E}
		{F7F552BA-A2BE-414F-84DC-8AC7A7F8EA0C} = {F7F552BA-A2BE-414F-84DC-8AC7A7F8EA0C}
		{7727D8E9-5175-48F4-B4A2-13B7ED031152} = {7727D8E9-5175-48F4-B4A2-13B7ED031152}
	EndProjectSection
EndProject
Global
	GlobalSection(SolutionConfigurationPlatforms) = preSolution
		Debug|x64 = Debug|x64
		Debug|x86 = Debug|x86
		Release|x64 = Release|x64
		Release|x86 = Release|x86
	EndGlobalSection
	GlobalSection(ProjectConfigurationPlatforms) = postSolution
		{636DC2E7-7F48-498F-91F5-E4DD3134FE75}.Debug|x64.ActiveCfg = Debug|x64
		{636DC2E7-7F48-498F-91F5-E4DD3134FE75}.Debug|x64.Build.0 = Debug|x64
		{636DC2E7-7F48-498F-91F5-E4DD3134FE75}.Debug|x86.ActiveCfg = Debug|Win32
		{636DC2E7-7F48-498F-91F5-E4DD3134FE75}.Debug|x86.Build.0 = Debug|Win32
		{636DC2E7-7F48-498F-91F5-E4DD3134FE75}.Release|x64.ActiveCfg = Release|x64
		{636DC2E7-7F48-498F-91F5-E4DD3134FE75}.Release|x64.Build.0 = Release|x64
		{636DC2E7-7F48-498F-91F5-E4DD3134FE75}.Release|x86.ActiveCfg = Release|Win32
		{636DC2E7-7F48-498F-91F5-E4DD3134FE75}.Release|x86.Build.0 = Release|Win32
		{7727D8E9-5175-48F4-B4A2-13B7ED031152}.Debug|x64.ActiveCfg = Debug|x64
		{7727D8E9-5175-48F4-B4A2-13B7ED031152}.Debug|x64.Build.0 = Debug|x64
		{7727D8E9-5175-48F4-B4A2-13B7ED031152}.Debug|x86.ActiveCfg = Debug|Win32
		{7727D8E9-5175-48F4-B4A2-13B7ED031152}.Debug|x86.Build.0 = Debug|Win32
		{7727D8E9-5175-48F4-B4A2-13B7ED031152}.Release|x64.ActiveCfg = Release|x64
		{7727D8E9-5175-48F4-B4A2-13B7ED031152}.Release|x64.Build.0 = Release|x64
		{7727D8E9-5175-48F4-B4A2-13B7ED031152}.Release|x86.ActiveCfg = Release|Win32
		{7727D8E9-5175-48F4-B4A2-13B7ED031152}.Release|x86.Build.0 = Release|Win32
		{F7F552BA-A2BE-414F-84DC-8AC7A7F8EA0C}.Debug|x64.ActiveCfg = Debug|x64
		{F7F552BA-A2BE-414F-84DC-8AC7A7F8EA0C}.Debug|x64.Build.0 = Debug|x64
		{F7F552BA-A2BE-414F-84DC-8AC7A7F8EA0C}.Debug|x86.ActiveCfg = Debug|Win32
		{F7F552BA-A2BE-414F-84DC-8AC7A7F8EA0C}.Debug|x86.Build.0 = Debug|Win32
		{F7F552BA-A2BE-414F-84DC-8AC7A7F8EA0C}.Release|x64.ActiveCfg = Release|x64
		{F7F552BA-A2BE-414F-84DC-8AC7A7F8EA0C}.Release|x64.Build.0 = Release|x64
		{F7F552BA-A2BE-414F-84DC-8AC7A7F8EA0C}.Release|x86.ActiveCfg = Release|Win32
		{F7F552BA-A2BE-414F-84DC-8AC7A7F8EA0C}.Release|x86.Build.0 = Release|Win32
		{68085112-1A2B-4066-9E90-31C4E91C120D}.Debug|x64.ActiveCfg = Debug|x64
		{68085112-1A2B-4066-9E90-31C4E91C120D}.Debug|x64.Build.0 = Debug|x64
		{68085112-1A2B-4066-9E90-31C4E91C120D}.Debug|x86.ActiveCfg = Debug|Win32
		{68085112-1A2B-4066-9E90-31C4E91C120D}.Debug|x86.Build.0 = Debug|Win32
		{68085112-1A2B-4066-9E90-31C4E91C120D}.Release|x64.ActiveCfg = Release|x64
		{68085112-1A2B-4066-9E90-31C4E91C120D}.Release|x64.Build.0 = Release|x64
		{68085112-1A2B-4066-9E90-31C4E91C120D}.Release|x86.ActiveCfg = Release|Win32
		{68085112-1A2B-4066-9E90-31C4E91C120D}.Release|x86.Build.0 = Release|Win32
		{12019216-8593-44AA-8729-DFBC45716A7A}.Debug|x64.ActiveCfg = Debug|x64
		{12019216-8593-44AA-8729-DFBC45716A7A}.Debug|x64.Build.0 = Debug|x64
		{12019216-8593-44AA-8729-DFBC45716A7A}.Debug|x86.ActiveCfg = Debug|Win32
		{12019216-8593-44AA-8729-DFBC45716A7A}.Debug|x86.Build.0 = Debug|Win32
		{12019216-8593-44AA-8729-DFBC45716A7A}.Release|x64.ActiveCfg = Release|x64
		{12019216-8593-44AA-8729-DFBC45716A7A}.Release|x64.Build.0 = Release|x64
		{12019216-8593-44AA-8729-DFBC45716A7A}.Release|x86.ActiveCfg = Release|Win32
		{12019216-8593-44AA-8729-DFBC45716A7A}.Release|x86.Build.0 = Release|Win32
		{21CA6F4C-1C3D-40EB-991E-DF8B17CE115A}.Debug|x64.ActiveCfg = Debug|x64
		{21CA6F4C-1C3D-40EB-991E-DF8B17CE115A}.Debug|x64.Build.0 = Debug|x64
		{21CA6F4C-1C3D-40EB-991E-DF8B17CE115A}.Debug|x86.ActiveCfg = Debug|Win32
		{21CA6F4C-1C3D-40EB-991E-DF8B17CE115A}.Debug|x86.Build.0 = Debug|Win32
		{21CA6F4C-1C3D-40EB-991E-DF8B17CE115A}.Release|x64.ActiveCfg = Release|x64
		{21CA6F4C-1C3D-40EB-991E-DF8B17CE115A}.Release|x64.Build.0 = Release|x64
		{21CA6F4C-1C3D-40EB-991E-DF8B17CE115A}.Release|x86.ActiveCfg = Release|Win32
		{21CA6F4C-1C3D-40EB-991E-DF8B17CE115A}.Release|x86.Build.0 = Release|Win32
		{3518F816-972E-42CF-A011-CBB6C7D3F5AE}.Debug|x64.ActiveCfg = Debug|x64
		{3518F816-972E-42CF-A011-CBB6C7D3F5AE}.Debug|x64.Build.0 = Debug|x64
		{3518F816-972E-42CF-A011-CBB6C7D3F5AE}.Debug|x86.ActiveCfg = Debug|Win32
		{3518F816-972E-42CF-A011-CBB6C7D3F5AE}.Debug|x86.Build.0 = Debug|Win32
		{3518F816-972E-42CF-A011-CBB6C7D3F5AE}.Release|x64.ActiveCfg = Release|x64
		{3518F816-972E-42CF-A011-CBB6C7D3F5AE}.Release|x64.Build.0 = Release|x64
		{3518F816-972E-42CF-A011-CBB6C7D3F5AE}.Release|x86.ActiveCfg = Release|Win32
		{3518F816-972E-42CF-A011-CBB6C7D3F5AE}.Release|x86.Build.0 = Release|Win32
		{F6315578-7E1C-4E03-BAB0-7AA805D917AD}.Debug|x64.ActiveCfg = Debug|x64
		{F6315578-7E1C-4E03-BAB0-7AA805D917AD}.Debug|x64.Build.0 = Debug|x64
		{F6315578-7E1C-4E03-BAB0-7AA805D917AD}.Debug|x86.ActiveCfg = Debug|Win32
		{F6315578-7E1C-4E03-BAB0-7AA805D917AD}.Debug|x86.Build.0 = Debug|Win32
		{F6315578-7E1C-4E03-BAB0-7AA805D917AD}.Release|x64.ActiveCfg = Release|x64
		{F6315578-7E1C-4E03-BAB0-7AA805D917AD}.Release|x64.Build.0 = Release|x64
		{F6315578-7E1C-4E03-BAB0-7AA805D917AD}.Release|x86.ActiveCfg = Release|Win32
		{F6315578-7E1C-4E03-BAB0-7AA805D917AD}.Release|x86.Build.0 = Release|Win32
		{F02B4C50-614F-4EC9-9E4A-B5D9B66E9E9E}.Debug|x64.ActiveCfg = Debug|x64
		{F02B4C50-614F-4EC9-9E4A-B5D9B66E9E9E}.Debug|x64.Build.0 = Debug|x64
		{F02B4C50-614F-4EC9-9E4A-B5D9B66E9E9E}.Debug|x86.ActiveCfg = Debug|Win32
		{F02B4C50-614F-4EC9-9E4A-B5D9B66E9E9E}.Debug|x86.Build.0 = Debug|Win32
		{F02B4C50-614F-4EC9-9E4A-B5D9B66E9E9E}.Release|x64.ActiveCfg = Release|x64
		{F02B4C50-614F-4EC9-9E4A-B5D9B66E9E9E}.Release|x64.Build.0 = Release|x64
		{F02B4C50-614F-4EC9-9E4A-B5D9B66E9E9E}.Release|x86.ActiveCfg = Release|Win32
		{F02B4C50-614F-4EC9-9E4A-B5D9B66E9E9E}.Release|x86.Build.0 = Release|Win32
		{318A3DFC-800E-4256-8CFE-9336EA211E05}.Debug|x64.ActiveCfg = Debug|x64
		{318A3DFC-800E-4256-8CFE-9336EA211E05}.Debug|x64.Build.0 = Debug|x64
		{318A3DFC-800E-4256-8CFE-9336EA211E05}.Debug|x86.ActiveCfg = Debug|Win32
		{318A3DFC-800E-4256-8CFE-9336EA211E05}.Debug|x86.Build.0 = Debug|Win32
		{318A3DFC-800E-4256-8CFE-9336EA211E05}.Release|x64.ActiveCfg = Release|x64
		{318A3DFC-800E-4256-8CFE-9336EA211E05}.Release|x64.Build.0 = Release|x64
		{318A3DFC-800E-4256-8CFE-9336EA211E05}.Release|x86.ActiveCfg = Release|Win32
		{318A3DFC-800E-4256-8CFE-9336EA211E05}.Release|x86.Build.0 = Release|Win32
		{11ACDD48-5510-402C-AFB6-37F0CDDA5A6D}.Debug|x64.ActiveCfg = Debug|x64
		{11ACDD48-5510-402C-AFB6-37F0CDDA5A6D}.Debug|x64.Build.0 = Debug|x64
		{11ACDD48-5510-402C-AFB6-37F0CDDA5A6D}.Debug|x86.ActiveCfg = Debug|Win32
		{11ACDD48-5510-402C-AFB6-37F0CDDA5A6D}.Debug|x86.Build.0 = Debug|Win32
		{11ACDD48-5510-402C-AFB6-37F0CDDA5A6D}.Release|x64.ActiveCfg = Release|x64
		{11ACDD48-5510-402C-AFB6-37F0CDDA5A6D}.Release|x64.Build.0 = Release|x64
		{11ACDD48-5510-402C-AFB6-37F0CDDA5A6D}.Release|x86.ActiveCfg = Release|Win32
		{11ACDD48-5510-402C-AFB6-37F0CDDA5A6D}.Release|x86.Build.0 = Release|Win32
		{EF0D0A77-F077-4A12-B380-5D1CD368C9F6}.Debug|x64.ActiveCfg = Debug|x64
		{EF0D0A77-F077-4A12-B380-5D1CD368C9F6}.Debug|x64.Build.0 = Debug|x64
		{EF0D0A77-F077-4A12-B380-5D1CD368C9F6}.Debug|x86.ActiveCfg = Debug|Win32
		{EF0D0A77-F077-4A12-B380-5D1CD368C9F6}.Debug|x86.Build.0 = Debug|Win32
		{EF0D0A77-F077-4A12-B380-5D1CD368C9F6}.Release|x64.ActiveCfg = Release|x64
		{EF0D0A77-F077-4A12-B380-5D1CD368C9F6}.Release|x64.Build.0 = Release|x64
		{EF0D0A77-F077-4A12-B380-5D1CD368C9F6}.Release|x86.ActiveCfg = Release|Win32
		{EF0D0A77-F077-4A12-B380-5D1CD368C9F6}.Release|x86.Build.0 = Release|Win32
		{91293A66-171F-462C-8236-D20E4E6A1E58}.Debug|x64.ActiveCfg = Debug|x64
		{91293A66-171F-462C-8236-D20E4E6A1E58}.Debug|x64.Build.0 = Debug|x64
		{91293A66-171F-462C-8236-D20E4E6A1E58}.Debug|x86.ActiveCfg = Debug|Win32
		{91293A66-171F-462C-8236-D20E4E6A1E58}.Debug|x86.Build.0 = Debug|Win32
		{91293A66-171F-462C-8236-D20E4E6A1E58}.Release|x64.ActiveCfg = Release|x64
		{91293A66-171F-462C-8236-D20E4E6A1E58}.Release|x64.Build.0 = Release|x64
		{91293A66-171F-462C-8236-D20E4E6A1E58}.Release|x86.ActiveCfg = Release|Win32
		{91293A66-171F-462C-8236-D20E4E6A1E58}.Release|x86.Build.0 = Release|Win32
		{6566C04B-84B8-4AE6-97C2-79634CEDB0B5}.Debug|x64.ActiveCfg = Debug|x64
		{6566C04B-84B8-4AE6-97C2-79634CEDB0B5}.Debug|x64.Build.0 = Debug|x64
		{6566C04B-84B8-4AE6-97C2-79634CEDB0B5}.Debug|x86.ActiveCfg = Debug|Win32
		{6566C04B-84B8-4AE6-97C2-79634CEDB0B5}.Debug|x86.Build.0 = Debug|Win32
		{6566C04B-84B8-4AE6-97C2-79634CEDB0B5}.Release|x64.ActiveCfg = Release|x64
		{6566C04B-84B8-4AE6-97C2-79634CEDB0B5}.Release|x64.Build.0 = Release|x64
		{6566C04B-84B8-4AE6-97C2-79634CEDB0B5}.Release|x86.ActiveCfg = Release|Win32
		{6566C04B-84B8-4AE6-97C2-79634CEDB0B5}.Release|x86.Build.0 = Release|Win32
	EndGlobalSection
	GlobalSection(SolutionProperties) = preSolution
		HideSolutionNode = FALSE
	EndGlobalSection
	GlobalSection(ExtensibilityGlobals) = postSolution
		SolutionGuid = {5747AA3D-713B-418B-8A89-95E36A6772EB}
	EndGlobalSection
EndGlobal
