<?xml version="1.0" encoding="utf-8"?>
<Project ToolsVersion="4.0" xmlns="http://schemas.microsoft.com/developer/msbuild/2003">
  <ItemGroup>
    <ClInclude Include="timer.h" />
    <ClInclude Include="disk.h" />
    <ClInclude Include="findfile.h" />
    <ClInclude Include="i_sound.h" />
    <ClInclude Include="joy.h" />
    <ClInclude Include="key.h" />
    <ClInclude Include="mono.h" />
    <ClInclude Include="mouse.h" />
  </ItemGroup>
  <ItemGroup>
    <ClCompile Include="timer.c" />
    <ClCompile Include="disk.c" />
    <ClCompile Include="findfile.c" />
    <ClCompile Include="i_sound.c" />
    <ClCompile Include="joy.c" />
    <ClCompile Include="key.c" />
    <ClCompile Include="mono.c" />
    <ClCompile Include="mouse.c" />
  </ItemGroup>
</Project>