<?xml version="1.0" encoding="utf-8"?>
<Project ToolsVersion="4.0" xmlns="http://schemas.microsoft.com/developer/msbuild/2003">
  <ItemGroup>
    <ClInclude Include="rle.h" />
    <ClInclude Include="clip.h" />
    <ClInclude Include="effect2d.h" />
    <ClInclude Include="gr.h" />
    <ClInclude Include="grdef.h" />
    <ClInclude Include="i_gr.h" />
    <ClInclude Include="ibitblt.h" />
    <ClInclude Include="palette.h" />
    <ClInclude Include="pcx.h" />
  </ItemGroup>
  <ItemGroup>
    <ClCompile Include="sdl_conf.c" />
    <ClCompile Include="bitblt.c" />
    <ClCompile Include="bitmap.c" />
    <ClCompile Include="box.c" />
    <ClCompile Include="canvas.c" />
    <ClCompile Include="circle.c" />
    <ClCompile Include="disc.c" />
    <ClCompile Include="effects.c" />
    <ClCompile Include="font.c" />
    <ClCompile Include="gpixel.c" />
    <ClCompile Include="gr.c" />
    <ClCompile Include="gr_sdl.c" />
    <ClCompile Include="ibitblt.c" />
    <ClCompile Include="lbitblt.c" />
    <ClCompile Include="line.c" />
    <ClCompile Include="palette.c" />
    <ClCompile Include="pcx.c" />
    <ClCompile Include="pixel.c" />
    <ClCompile Include="poly.c" />
    <ClCompile Include="rect.c" />
    <ClCompile Include="rle.c" />
    <ClCompile Include="roller.c" />
    <ClCompile Include="scale.c" />
    <ClCompile Include="scanline.c" />
  </ItemGroup>
</Project>