<?xml version="1.0" encoding="utf-8"?>
<Project ToolsVersion="4.0" xmlns="http://schemas.microsoft.com/developer/msbuild/2003">
  <ItemGroup>
    <ClInclude Include="ui.h" />
    <ClInclude Include="func.h" />
  </ItemGroup>
  <ItemGroup>
    <ClCompile Include="window.c" />
    <ClCompile Include="barbox.c" />
    <ClCompile Include="button.c" />
    <ClCompile Include="checkbox.c" />
    <ClCompile Include="file.c" />
    <ClCompile Include="func.c" />
    <ClCompile Include="gadget.c" />
    <ClCompile Include="icon.c" />
    <ClCompile Include="inputbox.c" />
    <ClCompile Include="keypad.c" />
    <ClCompile Include="keypress.c" />
    <ClCompile Include="keytrap.c" />
    <ClCompile Include="listbox.c" />
    <ClCompile Include="menu.c" />
    <ClCompile Include="menubar.c" />
    <ClCompile Include="message.c" />
    <ClCompile Include="mouse.c" />
    <ClCompile Include="popup.c" />
    <ClCompile Include="radio.c" />
    <ClCompile Include="scroll.c" />
    <ClCompile Include="ui.c" />
    <ClCompile Include="uidraw.c" />
    <ClCompile Include="userbox.c" />
  </ItemGroup>
</Project>